
Microsoft Visual Studio Solution File, Format Version 12.00
# Visual Studio 14
VisualStudioVersion = 14.0.25123.0
MinimumVisualStudioVersion = 10.0.40219.1
Project("{8F15A113-FE2A-4BDC-A7BE-94E56802B7E2}") = "Sitecore.Support.96239", "Sitecore.Support.96239\Sitecore.Support.96239.csproj", "{5F38C535-6883-4D86-8AF9-AF649288141B}"
EndProject
Global
	GlobalSection(SolutionConfigurationPlatforms) = preSolution
		Debug|Any CPU = Debug|Any CPU
		Release|Any CPU = Release|Any CPU
	EndGlobalSection
	GlobalSection(ProjectConfigurationPlatforms) = postSolution
		{5F38C535-6883-4D86-8AF9-AF649288141B}.Debug|Any CPU.ActiveCfg = Debug|Any CPU
		{5F38C535-6883-4D86-8AF9-AF649288141B}.Debug|Any CPU.Build.0 = Debug|Any CPU
		{5F38C535-6883-4D86-8AF9-AF649288141B}.Release|Any CPU.ActiveCfg = Release|Any CPU
		{5F38C535-6883-4D86-8AF9-AF649288141B}.Release|Any CPU.Build.0 = Release|Any CPU
	EndGlobalSection
	GlobalSection(SolutionProperties) = preSolution
		HideSolutionNode = FALSE
	EndGlobalSection
EndGlobal
